
Microsoft Visual Studio Solution File, Format Version 12.00
# Visual Studio Version 17
VisualStudioVersion = 17.14.37314.3 d17.14
MinimumVisualStudioVersion = 10.0.40219.1
Project("{FAE04EC0-301F-11D3-BF4B-00C04F79EFBC}") = "WpfnetframeworkApp1", "WpfnetframeworkApp1\WpfnetframeworkApp1.csproj", "{4F6141EE-0DF9-4B95-997B-15C7D5B19CBD}"
EndProject
Global
	GlobalSection(SolutionConfigurationPlatforms) = preSolution
		Debug|Any CPU = Debug|Any CPU
		Release|Any CPU = Release|Any CPU
	EndGlobalSection
	GlobalSection(ProjectConfigurationPlatforms) = postSolution
		{4F6141EE-0DF9-4B95-997B-15C7D5B19CBD}.Debug|Any CPU.ActiveCfg = Debug|Any CPU
		{4F6141EE-0DF9-4B95-997B-15C7D5B19CBD}.Debug|Any CPU.Build.0 = Debug|Any CPU
		{4F6141EE-0DF9-4B95-997B-15C7D5B19CBD}.Release|Any CPU.ActiveCfg = Release|Any CPU
		{4F6141EE-0DF9-4B95-997B-15C7D5B19CBD}.Release|Any CPU.Build.0 = Release|Any CPU
	EndGlobalSection
	GlobalSection(SolutionProperties) = preSolution
		HideSolutionNode = FALSE
	EndGlobalSection
	GlobalSection(ExtensibilityGlobals) = postSolution
		SolutionGuid = {78AEFB67-D73E-420F-AAA5-8648CB4ABB84}
	EndGlobalSection
EndGlobal
